{
    "SystemInfo":  {
                       "LastCheck":  "2025-07-06T18:47:28.7665595+01:00",
                       "Software":  [
                                        {
                                            "Name":  "Salesforce CLI",
                                            "Required":  true,
                                            "Installed":  true,
                                            "Version":  "@salesforce/cli/2.95.6 win32-x64 node-v22.16.0",
                                            "WingetId":  "Salesforce.sf-cli"
                                        },
                                        {
                                            "Name":  "Node.js",
                                            "Required":  true,
                                            "Installed":  true,
                                            "Version":  "v22.17.0",
                                            "WingetId":  "OpenJS.NodeJS"
                                        },
                                        {
                                            "Name":  "Git",
                                            "Required":  false,
                                            "Installed":  true,
                                            "Version":  "git version 2.39.1.windows.1",
                                            "WingetId":  "Git.Git"
                                        }
                                    ]
                   }
}
